
Microsoft Visual Studio Solution File, Format Version 12.00
# Visual Studio 15
VisualStudioVersion = 15.0.27130.2010
MinimumVisualStudioVersion = 10.0.40219.1
Project("{2150E333-8FDC-42A3-9474-1A3956D46DE8}") = "Common", "Common", "{97FA3AB7-20A5-4EE0-A5EC-392E4892E904}"
	ProjectSection(SolutionItems) = preProject
		Common\ActiproContrib.Composite.Wpf35.dll = Common\ActiproContrib.Composite.Wpf35.dll
		Common\ActiproContrib.Composite.Wpf35.pdb = Common\ActiproContrib.Composite.Wpf35.pdb
		Common\ActiproContrib.Composite.Wpf35.xml = Common\ActiproContrib.Composite.Wpf35.xml
		Common\ActiproContrib.Shared.Wpf35.dll = Common\ActiproContrib.Shared.Wpf35.dll
		Common\ActiproContrib.Shared.Wpf35.pdb = Common\ActiproContrib.Shared.Wpf35.pdb
		Common\ActiproContrib.Shared.Wpf35.xml = Common\ActiproContrib.Shared.Wpf35.xml
		Common\ActiproSoftware.BarCode.Wpf351.dll = Common\ActiproSoftware.BarCode.Wpf351.dll
		Common\ActiproSoftware.BarCode.Wpf351.xml = Common\ActiproSoftware.BarCode.Wpf351.xml
		Common\ActiproSoftware.DataGrid.Contrib.Wpf351.dll = Common\ActiproSoftware.DataGrid.Contrib.Wpf351.dll
		Common\ActiproSoftware.DataGrid.Contrib.Wpf351.xml = Common\ActiproSoftware.DataGrid.Contrib.Wpf351.xml
		Common\ActiproSoftware.Docking.Wpf351.dll = Common\ActiproSoftware.Docking.Wpf351.dll
		Common\ActiproSoftware.Docking.Wpf351.xml = Common\ActiproSoftware.Docking.Wpf351.xml
		Common\ActiproSoftware.Editors.Interop.DataGrid.Wpf351.dll = Common\ActiproSoftware.Editors.Interop.DataGrid.Wpf351.dll
		Common\ActiproSoftware.Editors.Interop.DataGrid.Wpf351.xml = Common\ActiproSoftware.Editors.Interop.DataGrid.Wpf351.xml
		Common\ActiproSoftware.Editors.Interop.PropertyGrid.Wpf351.dll = Common\ActiproSoftware.Editors.Interop.PropertyGrid.Wpf351.dll
		Common\ActiproSoftware.Editors.Interop.PropertyGrid.Wpf351.xml = Common\ActiproSoftware.Editors.Interop.PropertyGrid.Wpf351.xml
		Common\ActiproSoftware.Editors.Interop.Ribbon.Wpf351.dll = Common\ActiproSoftware.Editors.Interop.Ribbon.Wpf351.dll
		Common\ActiproSoftware.Editors.Interop.Ribbon.Wpf351.xml = Common\ActiproSoftware.Editors.Interop.Ribbon.Wpf351.xml
		Common\ActiproSoftware.Editors.Wpf351.dll = Common\ActiproSoftware.Editors.Wpf351.dll
		Common\ActiproSoftware.Editors.Wpf351.xml = Common\ActiproSoftware.Editors.Wpf351.xml
		Common\ActiproSoftware.Gauge.Wpf351.dll = Common\ActiproSoftware.Gauge.Wpf351.dll
		Common\ActiproSoftware.Gauge.Wpf351.xml = Common\ActiproSoftware.Gauge.Wpf351.xml
		Common\ActiproSoftware.Navigation.Wpf351.dll = Common\ActiproSoftware.Navigation.Wpf351.dll
		Common\ActiproSoftware.Navigation.Wpf351.xml = Common\ActiproSoftware.Navigation.Wpf351.xml
		Common\ActiproSoftware.PropertyGrid.Wpf351.dll = Common\ActiproSoftware.PropertyGrid.Wpf351.dll
		Common\ActiproSoftware.PropertyGrid.Wpf351.xml = Common\ActiproSoftware.PropertyGrid.Wpf351.xml
		Common\ActiproSoftware.Ribbon.Wpf351.dll = Common\ActiproSoftware.Ribbon.Wpf351.dll
		Common\ActiproSoftware.Ribbon.Wpf351.xml = Common\ActiproSoftware.Ribbon.Wpf351.xml
		Common\ActiproSoftware.Shared.Wpf351.dll = Common\ActiproSoftware.Shared.Wpf351.dll
		Common\ActiproSoftware.Shared.Wpf351.xml = Common\ActiproSoftware.Shared.Wpf351.xml
		Common\ActiproSoftware.SyntaxEditor.Addons.DotNet.Wpf351.dll = Common\ActiproSoftware.SyntaxEditor.Addons.DotNet.Wpf351.dll
		Common\ActiproSoftware.SyntaxEditor.Addons.DotNet.Wpf351.xml = Common\ActiproSoftware.SyntaxEditor.Addons.DotNet.Wpf351.xml
		Common\ActiproSoftware.SyntaxEditor.Addons.Xml.Wpf351.dll = Common\ActiproSoftware.SyntaxEditor.Addons.Xml.Wpf351.dll
		Common\ActiproSoftware.SyntaxEditor.Addons.Xml.Wpf351.xml = Common\ActiproSoftware.SyntaxEditor.Addons.Xml.Wpf351.xml
		Common\ActiproSoftware.SyntaxEditor.Wpf351.dll = Common\ActiproSoftware.SyntaxEditor.Wpf351.dll
		Common\ActiproSoftware.SyntaxEditor.Wpf351.xml = Common\ActiproSoftware.SyntaxEditor.Wpf351.xml
		Common\ActiproSoftware.Text.Addons.Antlr.Net20.dll = Common\ActiproSoftware.Text.Addons.Antlr.Net20.dll
		Common\ActiproSoftware.Text.Addons.Antlr.Net20.xml = Common\ActiproSoftware.Text.Addons.Antlr.Net20.xml
		Common\ActiproSoftware.Text.Addons.Dataflow.Oslo10.dll = Common\ActiproSoftware.Text.Addons.Dataflow.Oslo10.dll
		Common\ActiproSoftware.Text.Addons.Dataflow.Oslo10.xml = Common\ActiproSoftware.Text.Addons.Dataflow.Oslo10.xml
		Common\ActiproSoftware.Text.Addons.DotNet.Net20.dll = Common\ActiproSoftware.Text.Addons.DotNet.Net20.dll
		Common\ActiproSoftware.Text.Addons.DotNet.Net20.xml = Common\ActiproSoftware.Text.Addons.DotNet.Net20.xml
		Common\ActiproSoftware.Text.Addons.Xml.Net20.dll = Common\ActiproSoftware.Text.Addons.Xml.Net20.dll
		Common\ActiproSoftware.Text.Addons.Xml.Net20.xml = Common\ActiproSoftware.Text.Addons.Xml.Net20.xml
		Common\ActiproSoftware.Text.LanguageGeneration.Wpf351.dll = Common\ActiproSoftware.Text.LanguageGeneration.Wpf351.dll
		Common\ActiproSoftware.Text.LanguageGeneration.Wpf351.xml = Common\ActiproSoftware.Text.LanguageGeneration.Wpf351.xml
		Common\ActiproSoftware.Text.Net20.dll = Common\ActiproSoftware.Text.Net20.dll
		Common\ActiproSoftware.Text.Net20.xml = Common\ActiproSoftware.Text.Net20.xml
		Common\ActiproSoftware.Views.Wpf351.dll = Common\ActiproSoftware.Views.Wpf351.dll
		Common\ActiproSoftware.Views.Wpf351.xml = Common\ActiproSoftware.Views.Wpf351.xml
		Common\ActiproSoftware.Wizard.Wpf351.dll = Common\ActiproSoftware.Wizard.Wpf351.dll
		Common\ActiproSoftware.Wizard.Wpf351.xml = Common\ActiproSoftware.Wizard.Wpf351.xml
		Common\AvalonLibrary.dll = Common\AvalonLibrary.dll
		Common\BindingOriented.SyncLinq.dll = Common\BindingOriented.SyncLinq.dll
		Common\C5.dll = Common\C5.dll
		Common\ConcurrentHashtable.dll = Common\ConcurrentHashtable.dll
		Common\DevComponents.WpfDesign.Shared.dll = Common\DevComponents.WpfDesign.Shared.dll
		Common\DevComponents.WpfDock.dll = Common\DevComponents.WpfDock.dll
		Common\DevComponents.WpfDock.VisualStudio.Design.dll = Common\DevComponents.WpfDock.VisualStudio.Design.dll
		Common\DevComponents.WpfRibbon.dll = Common\DevComponents.WpfRibbon.dll
		Common\DevComponents.WpfRibbon.VisualStudio.Design.dll = Common\DevComponents.WpfRibbon.VisualStudio.Design.dll
		Common\FastSerializer.dll = Common\FastSerializer.dll
		Common\HttpDownloader.dll = Common\HttpDownloader.dll
		Common\Jyc.Expr.dll = Common\Jyc.Expr.dll
		Common\Lidgren.Library.Network.dll = Common\Lidgren.Library.Network.dll
		Common\MGraphXamlReader.dll = Common\MGraphXamlReader.dll
		Common\MGraphXamlReader.pdb = Common\MGraphXamlReader.pdb
		Common\Microsoft.ApplicationBlocks.Updater.ActivationProcessors.dll = Common\Microsoft.ApplicationBlocks.Updater.ActivationProcessors.dll
		Common\Microsoft.ApplicationBlocks.Updater.dll = Common\Microsoft.ApplicationBlocks.Updater.dll
		Common\Microsoft.ApplicationBlocks.Updater.Downloaders.dll = Common\Microsoft.ApplicationBlocks.Updater.Downloaders.dll
		Common\Microsoft.Dynamic.dll = Common\Microsoft.Dynamic.dll
		Common\Microsoft.Dynamic.pdb = Common\Microsoft.Dynamic.pdb
		Common\Microsoft.Dynamic.xml = Common\Microsoft.Dynamic.xml
		Common\Microsoft.Expression.Controls.dll = Common\Microsoft.Expression.Controls.dll
		Common\Microsoft.Expression.Controls.xml = Common\Microsoft.Expression.Controls.xml
		Common\Microsoft.Expression.Effects.dll = Common\Microsoft.Expression.Effects.dll
		Common\Microsoft.Expression.Effects.xml = Common\Microsoft.Expression.Effects.xml
		Common\Microsoft.M.dll = Common\Microsoft.M.dll
		Common\Microsoft.Oslo.Internal.dll = Common\Microsoft.Oslo.Internal.dll
		Common\Microsoft.Practices.Composite.dll = Common\Microsoft.Practices.Composite.dll
		Common\Microsoft.Practices.Composite.Presentation.dll = Common\Microsoft.Practices.Composite.Presentation.dll
		Common\Microsoft.Practices.Composite.UnityExtensions.dll = Common\Microsoft.Practices.Composite.UnityExtensions.dll
		Common\Microsoft.Practices.EnterpriseLibrary.Common.dll = Common\Microsoft.Practices.EnterpriseLibrary.Common.dll
		Common\Microsoft.Practices.EnterpriseLibrary.Configuration.dll = Common\Microsoft.Practices.EnterpriseLibrary.Configuration.dll
		Common\Microsoft.Practices.EnterpriseLibrary.Logging.dll = Common\Microsoft.Practices.EnterpriseLibrary.Logging.dll
		Common\Microsoft.Practices.EnterpriseLibrary.Security.Cryptography.dll = Common\Microsoft.Practices.EnterpriseLibrary.Security.Cryptography.dll
		Common\Microsoft.Practices.ObjectBuilder.dll = Common\Microsoft.Practices.ObjectBuilder.dll
		Common\Microsoft.Practices.ObjectBuilder2.dll = Common\Microsoft.Practices.ObjectBuilder2.dll
		Common\Microsoft.Practices.ServiceLocation.dll = Common\Microsoft.Practices.ServiceLocation.dll
		Common\Microsoft.Practices.Unity.dll = Common\Microsoft.Practices.Unity.dll
		Common\Microsoft.Scripting.dll = Common\Microsoft.Scripting.dll
		Common\Microsoft.Scripting.pdb = Common\Microsoft.Scripting.pdb
		Common\Microsoft.Scripting.xml = Common\Microsoft.Scripting.xml
		Common\Microsoft.Xna.Framework.dll = Common\Microsoft.Xna.Framework.dll
		Common\Microsoft.Xna.Framework.xml = Common\Microsoft.Xna.Framework.xml
		Common\nRoute.Framework.dll = Common\nRoute.Framework.dll
		Common\nRoute.Framework.pdb = Common\nRoute.Framework.pdb
		Common\Obtics.dll = Common\Obtics.dll
		Common\Obtics.pdb = Common\Obtics.pdb
		Common\Obtics.xml = Common\Obtics.xml
		Common\public.txt = Common\public.txt
		Common\ShaderEffectLibrary.dll = Common\ShaderEffectLibrary.dll
		Common\Supremacy.snk = Common\Supremacy.snk
		Common\System.CoreEx.dll = Common\System.CoreEx.dll
		Common\System.CoreEx.xml = Common\System.CoreEx.xml
		Common\System.Dataflow.dll = Common\System.Dataflow.dll
		Common\System.Interactive.dll = Common\System.Interactive.dll
		Common\System.Interactive.xml = Common\System.Interactive.xml
		Common\System.Reactive.dll = Common\System.Reactive.dll
		Common\System.Reactive.xml = Common\System.Reactive.xml
		Common\System.Windows.Interactivity.dll = Common\System.Windows.Interactivity.dll
		Common\System.Windows.Interactivity.xml = Common\System.Windows.Interactivity.xml
		Common\TransitionEffects.dll = Common\TransitionEffects.dll
		Common\Xaml.dll = Common\Xaml.dll
		Common\Xceed.Wpf.Controls.dll = Common\Xceed.Wpf.Controls.dll
		Common\Xceed.Wpf.DataGrid.dll = Common\Xceed.Wpf.DataGrid.dll
		Common\Xenocode.Client.dll = Common\Xenocode.Client.dll
	EndProjectSection
	ProjectSection(FolderStartupServices) = postProject
		{B4F97281-0DBD-4835-9ED8-7DFB966E87FF} = {B4F97281-0DBD-4835-9ED8-7DFB966E87FF}
	EndProjectSection
EndProject
Project("{FAE04EC0-301F-11D3-BF4B-00C04F79EFBC}") = "SupremacyClient", "SupremacyClient\SupremacyClient.csproj", "{9A5CE0D7-6374-433A-A262-9D4F2CA23E24}"
EndProject
Project("{FAE04EC0-301F-11D3-BF4B-00C04F79EFBC}") = "SupremacyWPF", "SupremacyWPF\SupremacyWPF.csproj", "{1D1ACB96-9C27-4A1F-AE76-B5083A36ED05}"
EndProject
Project("{FAE04EC0-301F-11D3-BF4B-00C04F79EFBC}") = "SupremacyCore", "SupremacyCore\SupremacyCore.csproj", "{04E34C27-6942-4EA8-93FF-DF3C4026B22A}"
	ProjectSection(ProjectDependencies) = postProject
		{B86CE700-6763-44C2-85FA-594F68B50347} = {B86CE700-6763-44C2-85FA-594F68B50347}
	EndProjectSection
EndProject
Project("{FAE04EC0-301F-11D3-BF4B-00C04F79EFBC}") = "SupremacyUI", "SupremacyUI\SupremacyUI.csproj", "{529A2A01-9D15-4BAF-AB7B-C3398F5F2B14}"
EndProject
Project("{FAE04EC0-301F-11D3-BF4B-00C04F79EFBC}") = "SupremacyService", "SupremacyService\SupremacyService.csproj", "{FD1224E7-BB54-40F9-A46E-631FFEA6D577}"
EndProject
Project("{8BC9CEB8-8B4A-11D0-8D11-00A0C91BC942}") = "SupremacyNative", "SupremacyNative\SupremacyNative.vcxproj", "{B86CE700-6763-44C2-85FA-594F68B50347}"
EndProject
Project("{FAE04EC0-301F-11D3-BF4B-00C04F79EFBC}") = "SupremacyClientComponents", "SupremacyClientComponents\SupremacyClientComponents.csproj", "{4836D1C7-B3C6-4021-9B5F-CEEF027251EC}"
EndProject
Project("{FAE04EC0-301F-11D3-BF4B-00C04F79EFBC}") = "Supremacy.Scripting", "Supremacy.Scripting\Supremacy.Scripting.csproj", "{25AEA57E-9376-4B73-93D4-A2DCDB15D2D2}"
EndProject
Project("{FAE04EC0-301F-11D3-BF4B-00C04F79EFBC}") = "Supremacy.Xna", "Supremacy.Xna\Supremacy.Xna.csproj", "{D6643396-9911-4B24-95C0-B94717B280A9}"
EndProject
Project("{2150E333-8FDC-42A3-9474-1A3956D46DE8}") = "Solution Items", "Solution Items", "{BF514DDA-33E9-48F3-8862-2E2EFC3AF88E}"
EndProject
Global
	GlobalSection(SolutionConfigurationPlatforms) = preSolution
		Debug|Any CPU = Debug|Any CPU
		Debug|Mixed Platforms = Debug|Mixed Platforms
		Debug|Win32 = Debug|Win32
		Debug|x86 = Debug|x86
		Release|Any CPU = Release|Any CPU
		Release|Mixed Platforms = Release|Mixed Platforms
		Release|Win32 = Release|Win32
		Release|x86 = Release|x86
	EndGlobalSection
	GlobalSection(ProjectConfigurationPlatforms) = postSolution
		{9A5CE0D7-6374-433A-A262-9D4F2CA23E24}.Debug|Any CPU.ActiveCfg = Debug|Any CPU
		{9A5CE0D7-6374-433A-A262-9D4F2CA23E24}.Debug|Any CPU.Build.0 = Debug|Any CPU
		{9A5CE0D7-6374-433A-A262-9D4F2CA23E24}.Debug|Mixed Platforms.ActiveCfg = Debug|Any CPU
		{9A5CE0D7-6374-433A-A262-9D4F2CA23E24}.Debug|Mixed Platforms.Build.0 = Debug|Any CPU
		{9A5CE0D7-6374-433A-A262-9D4F2CA23E24}.Debug|Win32.ActiveCfg = Debug|Any CPU
		{9A5CE0D7-6374-433A-A262-9D4F2CA23E24}.Debug|x86.ActiveCfg = Debug|Any CPU
		{9A5CE0D7-6374-433A-A262-9D4F2CA23E24}.Release|Any CPU.ActiveCfg = Release|Any CPU
		{9A5CE0D7-6374-433A-A262-9D4F2CA23E24}.Release|Any CPU.Build.0 = Release|Any CPU
		{9A5CE0D7-6374-433A-A262-9D4F2CA23E24}.Release|Mixed Platforms.ActiveCfg = Release|Any CPU
		{9A5CE0D7-6374-433A-A262-9D4F2CA23E24}.Release|Mixed Platforms.Build.0 = Release|Any CPU
		{9A5CE0D7-6374-433A-A262-9D4F2CA23E24}.Release|Win32.ActiveCfg = Release|Any CPU
		{9A5CE0D7-6374-433A-A262-9D4F2CA23E24}.Release|x86.ActiveCfg = Release|Any CPU
		{1D1ACB96-9C27-4A1F-AE76-B5083A36ED05}.Debug|Any CPU.ActiveCfg = Debug|Any CPU
		{1D1ACB96-9C27-4A1F-AE76-B5083A36ED05}.Debug|Any CPU.Build.0 = Debug|Any CPU
		{1D1ACB96-9C27-4A1F-AE76-B5083A36ED05}.Debug|Mixed Platforms.ActiveCfg = Debug|Any CPU
		{1D1ACB96-9C27-4A1F-AE76-B5083A36ED05}.Debug|Mixed Platforms.Build.0 = Debug|Any CPU
		{1D1ACB96-9C27-4A1F-AE76-B5083A36ED05}.Debug|Win32.ActiveCfg = Debug|Any CPU
		{1D1ACB96-9C27-4A1F-AE76-B5083A36ED05}.Debug|x86.ActiveCfg = Debug|Any CPU
		{1D1ACB96-9C27-4A1F-AE76-B5083A36ED05}.Release|Any CPU.ActiveCfg = Release|Any CPU
		{1D1ACB96-9C27-4A1F-AE76-B5083A36ED05}.Release|Any CPU.Build.0 = Release|Any CPU
		{1D1ACB96-9C27-4A1F-AE76-B5083A36ED05}.Release|Mixed Platforms.ActiveCfg = Release|Any CPU
		{1D1ACB96-9C27-4A1F-AE76-B5083A36ED05}.Release|Mixed Platforms.Build.0 = Release|Any CPU
		{1D1ACB96-9C27-4A1F-AE76-B5083A36ED05}.Release|Win32.ActiveCfg = Release|Any CPU
		{1D1ACB96-9C27-4A1F-AE76-B5083A36ED05}.Release|x86.ActiveCfg = Release|Any CPU
		{04E34C27-6942-4EA8-93FF-DF3C4026B22A}.Debug|Any CPU.ActiveCfg = Debug|Any CPU
		{04E34C27-6942-4EA8-93FF-DF3C4026B22A}.Debug|Any CPU.Build.0 = Debug|Any CPU
		{04E34C27-6942-4EA8-93FF-DF3C4026B22A}.Debug|Mixed Platforms.ActiveCfg = Debug|Any CPU
		{04E34C27-6942-4EA8-93FF-DF3C4026B22A}.Debug|Mixed Platforms.Build.0 = Debug|Any CPU
		{04E34C27-6942-4EA8-93FF-DF3C4026B22A}.Debug|Win32.ActiveCfg = Debug|Any CPU
		{04E34C27-6942-4EA8-93FF-DF3C4026B22A}.Debug|x86.ActiveCfg = Debug|Any CPU
		{04E34C27-6942-4EA8-93FF-DF3C4026B22A}.Release|Any CPU.ActiveCfg = Release|Any CPU
		{04E34C27-6942-4EA8-93FF-DF3C4026B22A}.Release|Any CPU.Build.0 = Release|Any CPU
		{04E34C27-6942-4EA8-93FF-DF3C4026B22A}.Release|Mixed Platforms.ActiveCfg = Release|Any CPU
		{04E34C27-6942-4EA8-93FF-DF3C4026B22A}.Release|Mixed Platforms.Build.0 = Release|Any CPU
		{04E34C27-6942-4EA8-93FF-DF3C4026B22A}.Release|Win32.ActiveCfg = Release|Any CPU
		{04E34C27-6942-4EA8-93FF-DF3C4026B22A}.Release|x86.ActiveCfg = Release|Any CPU
		{529A2A01-9D15-4BAF-AB7B-C3398F5F2B14}.Debug|Any CPU.ActiveCfg = Debug|Any CPU
		{529A2A01-9D15-4BAF-AB7B-C3398F5F2B14}.Debug|Any CPU.Build.0 = Debug|Any CPU
		{529A2A01-9D15-4BAF-AB7B-C3398F5F2B14}.Debug|Mixed Platforms.ActiveCfg = Debug|Any CPU
		{529A2A01-9D15-4BAF-AB7B-C3398F5F2B14}.Debug|Mixed Platforms.Build.0 = Debug|Any CPU
		{529A2A01-9D15-4BAF-AB7B-C3398F5F2B14}.Debug|Win32.ActiveCfg = Debug|Any CPU
		{529A2A01-9D15-4BAF-AB7B-C3398F5F2B14}.Debug|x86.ActiveCfg = Debug|Any CPU
		{529A2A01-9D15-4BAF-AB7B-C3398F5F2B14}.Release|Any CPU.ActiveCfg = Release|Any CPU
		{529A2A01-9D15-4BAF-AB7B-C3398F5F2B14}.Release|Any CPU.Build.0 = Release|Any CPU
		{529A2A01-9D15-4BAF-AB7B-C3398F5F2B14}.Release|Mixed Platforms.ActiveCfg = Release|Any CPU
		{529A2A01-9D15-4BAF-AB7B-C3398F5F2B14}.Release|Mixed Platforms.Build.0 = Release|Any CPU
		{529A2A01-9D15-4BAF-AB7B-C3398F5F2B14}.Release|Win32.ActiveCfg = Release|Any CPU
		{529A2A01-9D15-4BAF-AB7B-C3398F5F2B14}.Release|x86.ActiveCfg = Release|Any CPU
		{FD1224E7-BB54-40F9-A46E-631FFEA6D577}.Debug|Any CPU.ActiveCfg = Debug|Any CPU
		{FD1224E7-BB54-40F9-A46E-631FFEA6D577}.Debug|Any CPU.Build.0 = Debug|Any CPU
		{FD1224E7-BB54-40F9-A46E-631FFEA6D577}.Debug|Mixed Platforms.ActiveCfg = Debug|Any CPU
		{FD1224E7-BB54-40F9-A46E-631FFEA6D577}.Debug|Mixed Platforms.Build.0 = Debug|Any CPU
		{FD1224E7-BB54-40F9-A46E-631FFEA6D577}.Debug|Win32.ActiveCfg = Debug|Any CPU
		{FD1224E7-BB54-40F9-A46E-631FFEA6D577}.Debug|x86.ActiveCfg = Debug|Any CPU
		{FD1224E7-BB54-40F9-A46E-631FFEA6D577}.Release|Any CPU.ActiveCfg = Release|Any CPU
		{FD1224E7-BB54-40F9-A46E-631FFEA6D577}.Release|Any CPU.Build.0 = Release|Any CPU
		{FD1224E7-BB54-40F9-A46E-631FFEA6D577}.Release|Mixed Platforms.ActiveCfg = Release|Any CPU
		{FD1224E7-BB54-40F9-A46E-631FFEA6D577}.Release|Mixed Platforms.Build.0 = Release|Any CPU
		{FD1224E7-BB54-40F9-A46E-631FFEA6D577}.Release|Win32.ActiveCfg = Release|Any CPU
		{FD1224E7-BB54-40F9-A46E-631FFEA6D577}.Release|x86.ActiveCfg = Release|Any CPU
		{B86CE700-6763-44C2-85FA-594F68B50347}.Debug|Any CPU.ActiveCfg = Debug|Win32
		{B86CE700-6763-44C2-85FA-594F68B50347}.Debug|Any CPU.Build.0 = Debug|Win32
		{B86CE700-6763-44C2-85FA-594F68B50347}.Debug|Mixed Platforms.ActiveCfg = Debug|Win32
		{B86CE700-6763-44C2-85FA-594F68B50347}.Debug|Mixed Platforms.Build.0 = Debug|Win32
		{B86CE700-6763-44C2-85FA-594F68B50347}.Debug|Win32.ActiveCfg = Debug|Win32
		{B86CE700-6763-44C2-85FA-594F68B50347}.Debug|Win32.Build.0 = Debug|Win32
		{B86CE700-6763-44C2-85FA-594F68B50347}.Debug|x86.ActiveCfg = Debug|Win32
		{B86CE700-6763-44C2-85FA-594F68B50347}.Release|Any CPU.ActiveCfg = Release|Win32
		{B86CE700-6763-44C2-85FA-594F68B50347}.Release|Mixed Platforms.ActiveCfg = Release|Win32
		{B86CE700-6763-44C2-85FA-594F68B50347}.Release|Mixed Platforms.Build.0 = Release|Win32
		{B86CE700-6763-44C2-85FA-594F68B50347}.Release|Win32.ActiveCfg = Release|Win32
		{B86CE700-6763-44C2-85FA-594F68B50347}.Release|Win32.Build.0 = Release|Win32
		{B86CE700-6763-44C2-85FA-594F68B50347}.Release|x86.ActiveCfg = Release|Win32
		{4836D1C7-B3C6-4021-9B5F-CEEF027251EC}.Debug|Any CPU.ActiveCfg = Debug|Any CPU
		{4836D1C7-B3C6-4021-9B5F-CEEF027251EC}.Debug|Any CPU.Build.0 = Debug|Any CPU
		{4836D1C7-B3C6-4021-9B5F-CEEF027251EC}.Debug|Mixed Platforms.ActiveCfg = Debug|Any CPU
		{4836D1C7-B3C6-4021-9B5F-CEEF027251EC}.Debug|Mixed Platforms.Build.0 = Debug|Any CPU
		{4836D1C7-B3C6-4021-9B5F-CEEF027251EC}.Debug|Win32.ActiveCfg = Debug|Any CPU
		{4836D1C7-B3C6-4021-9B5F-CEEF027251EC}.Debug|x86.ActiveCfg = Debug|Any CPU
		{4836D1C7-B3C6-4021-9B5F-CEEF027251EC}.Release|Any CPU.ActiveCfg = Release|Any CPU
		{4836D1C7-B3C6-4021-9B5F-CEEF027251EC}.Release|Any CPU.Build.0 = Release|Any CPU
		{4836D1C7-B3C6-4021-9B5F-CEEF027251EC}.Release|Mixed Platforms.ActiveCfg = Release|Any CPU
		{4836D1C7-B3C6-4021-9B5F-CEEF027251EC}.Release|Mixed Platforms.Build.0 = Release|Any CPU
		{4836D1C7-B3C6-4021-9B5F-CEEF027251EC}.Release|Win32.ActiveCfg = Release|Any CPU
		{4836D1C7-B3C6-4021-9B5F-CEEF027251EC}.Release|x86.ActiveCfg = Release|Any CPU
		{25AEA57E-9376-4B73-93D4-A2DCDB15D2D2}.Debug|Any CPU.ActiveCfg = Debug|Any CPU
		{25AEA57E-9376-4B73-93D4-A2DCDB15D2D2}.Debug|Any CPU.Build.0 = Debug|Any CPU
		{25AEA57E-9376-4B73-93D4-A2DCDB15D2D2}.Debug|Mixed Platforms.ActiveCfg = Debug|Any CPU
		{25AEA57E-9376-4B73-93D4-A2DCDB15D2D2}.Debug|Mixed Platforms.Build.0 = Debug|Any CPU
		{25AEA57E-9376-4B73-93D4-A2DCDB15D2D2}.Debug|Win32.ActiveCfg = Debug|Any CPU
		{25AEA57E-9376-4B73-93D4-A2DCDB15D2D2}.Debug|x86.ActiveCfg = Debug|Any CPU
		{25AEA57E-9376-4B73-93D4-A2DCDB15D2D2}.Release|Any CPU.ActiveCfg = Release|Any CPU
		{25AEA57E-9376-4B73-93D4-A2DCDB15D2D2}.Release|Any CPU.Build.0 = Release|Any CPU
		{25AEA57E-9376-4B73-93D4-A2DCDB15D2D2}.Release|Mixed Platforms.ActiveCfg = Release|Any CPU
		{25AEA57E-9376-4B73-93D4-A2DCDB15D2D2}.Release|Mixed Platforms.Build.0 = Release|Any CPU
		{25AEA57E-9376-4B73-93D4-A2DCDB15D2D2}.Release|Win32.ActiveCfg = Release|Any CPU
		{25AEA57E-9376-4B73-93D4-A2DCDB15D2D2}.Release|x86.ActiveCfg = Release|Any CPU
		{D6643396-9911-4B24-95C0-B94717B280A9}.Debug|Any CPU.ActiveCfg = Debug|Any CPU
		{D6643396-9911-4B24-95C0-B94717B280A9}.Debug|Any CPU.Build.0 = Debug|Any CPU
		{D6643396-9911-4B24-95C0-B94717B280A9}.Debug|Mixed Platforms.ActiveCfg = Debug|Any CPU
		{D6643396-9911-4B24-95C0-B94717B280A9}.Debug|Mixed Platforms.Build.0 = Debug|Any CPU
		{D6643396-9911-4B24-95C0-B94717B280A9}.Debug|Win32.ActiveCfg = Debug|Any CPU
		{D6643396-9911-4B24-95C0-B94717B280A9}.Debug|x86.ActiveCfg = Debug|Any CPU
		{D6643396-9911-4B24-95C0-B94717B280A9}.Release|Any CPU.ActiveCfg = Release|Any CPU
		{D6643396-9911-4B24-95C0-B94717B280A9}.Release|Any CPU.Build.0 = Release|Any CPU
		{D6643396-9911-4B24-95C0-B94717B280A9}.Release|Mixed Platforms.ActiveCfg = Release|Any CPU
		{D6643396-9911-4B24-95C0-B94717B280A9}.Release|Mixed Platforms.Build.0 = Release|Any CPU
		{D6643396-9911-4B24-95C0-B94717B280A9}.Release|Win32.ActiveCfg = Release|Any CPU
		{D6643396-9911-4B24-95C0-B94717B280A9}.Release|x86.ActiveCfg = Release|Any CPU
	EndGlobalSection
	GlobalSection(SolutionProperties) = preSolution
		HideSolutionNode = FALSE
	EndGlobalSection
	GlobalSection(ExtensibilityGlobals) = postSolution
		SolutionGuid = {D06CFB4D-B429-43F6-84A2-39474FDEFBB4}
	EndGlobalSection
	GlobalSection(MercurialSourceControlSolutionProperties) = preSolution
		SolutionIsControlled = True
		SolutionBindings = <Solution Location In Database>
	EndGlobalSection
	GlobalSection(TextTemplating) = postSolution
		TextTemplating = 1
	EndGlobalSection
EndGlobal
